// !$*UTF8*$!
{
	archiveVersion = 1;
	classes = {
	};
	objectVersion = 56;
	objects = {

/* Begin PBXBuildFile section */
		D6B0B90928522D4A007F4CA4 /* DeepDiveIntoSwiftUI4App.swift in Sources */ = {isa = PBXBuildFile; fileRef = D6B0B90828522D4A007F4CA4 /* DeepDiveIntoSwiftUI4App.swift */; };
		D6B0B90B28522D4A007F4CA4 /* RootView.swift in Sources */ = {isa = PBXBuildFile; fileRef = D6B0B90A28522D4A007F4CA4 /* RootView.swift */; };
		D6B0B90D28522D4C007F4CA4 /* Assets.xcassets in Resources */ = {isa = PBXBuildFile; fileRef = D6B0B90C28522D4C007F4CA4 /* Assets.xcassets */; };
		D6B0B91128522D4C007F4CA4 /* Preview Assets.xcassets in Resources */ = {isa = PBXBuildFile; fileRef = D6B0B91028522D4C007F4CA4 /* Preview Assets.xcassets */; };
		D6B0B91B28522D4C007F4CA4 /* DeepDiveIntoSwiftUI4Tests.swift in Sources */ = {isa = PBXBuildFile; fileRef = D6B0B91A28522D4C007F4CA4 /* DeepDiveIntoSwiftUI4Tests.swift */; };
		D6B0B92528522D4C007F4CA4 /* DeepDiveIntoSwiftUI4UITests.swift in Sources */ = {isa = PBXBuildFile; fileRef = D6B0B92428522D4C007F4CA4 /* DeepDiveIntoSwiftUI4UITests.swift */; };
		D6B0B92728522D4C007F4CA4 /* DeepDiveIntoSwiftUI4UITestsLaunchTests.swift in Sources */ = {isa = PBXBuildFile; fileRef = D6B0B92628522D4C007F4CA4 /* DeepDiveIntoSwiftUI4UITestsLaunchTests.swift */; };
		D6B0B93528522DF1007F4CA4 /* ScrollIndicatorView.swift in Sources */ = {isa = PBXBuildFile; fileRef = D6B0B93328522DF1007F4CA4 /* ScrollIndicatorView.swift */; };
		D6B0B93628522DF1007F4CA4 /* ShadowsGradientView.swift in Sources */ = {isa = PBXBuildFile; fileRef = D6B0B93428522DF1007F4CA4 /* ShadowsGradientView.swift */; };
		D6B0B93828522DFB007F4CA4 /* DismissKeyboardScrollView.swift in Sources */ = {isa = PBXBuildFile; fileRef = D6B0B93728522DFB007F4CA4 /* DismissKeyboardScrollView.swift */; };
/* End PBXBuildFile section */

/* Begin PBXContainerItemProxy section */
		D6B0B91728522D4C007F4CA4 /* PBXContainerItemProxy */ = {
			isa = PBXContainerItemProxy;
			containerPortal = D6B0B8FD28522D4A007F4CA4 /* Project object */;
			proxyType = 1;
			remoteGlobalIDString = D6B0B90428522D4A007F4CA4;
			remoteInfo = DeepDiveIntoSwiftUI4;
		};
		D6B0B92128522D4C007F4CA4 /* PBXContainerItemProxy */ = {
			isa = PBXContainerItemProxy;
			containerPortal = D6B0B8FD28522D4A007F4CA4 /* Project object */;
			proxyType = 1;
			remoteGlobalIDString = D6B0B90428522D4A007F4CA4;
			remoteInfo = DeepDiveIntoSwiftUI4;
		};
/* End PBXContainerItemProxy section */

/* Begin PBXFileReference section */
		D6B0B90528522D4A007F4CA4 /* DeepDiveIntoSwiftUI4.app */ = {isa = PBXFileReference; explicitFileType = wrapper.application; includeInIndex = 0; path = DeepDiveIntoSwiftUI4.app; sourceTree = BUILT_PRODUCTS_DIR; };
		D6B0B90828522D4A007F4CA4 /* DeepDiveIntoSwiftUI4App.swift */ = {isa = PBXFileReference; lastKnownFileType = sourcecode.swift; path = DeepDiveIntoSwiftUI4App.swift; sourceTree = "<group>"; };
		D6B0B90A28522D4A007F4CA4 /* RootView.swift */ = {isa = PBXFileReference; lastKnownFileType = sourcecode.swift; path = RootView.swift; sourceTree = "<group>"; };
		D6B0B90C28522D4C007F4CA4 /* Assets.xcassets */ = {isa = PBXFileReference; lastKnownFileType = folder.assetcatalog; path = Assets.xcassets; sourceTree = "<group>"; };
		D6B0B90E28522D4C007F4CA4 /* DeepDiveIntoSwiftUI4.entitlements */ = {isa = PBXFileReference; lastKnownFileType = text.plist.entitlements; path = DeepDiveIntoSwiftUI4.entitlements; sourceTree = "<group>"; };
		D6B0B91028522D4C007F4CA4 /* Preview Assets.xcassets */ = {isa = PBXFileReference; lastKnownFileType = folder.assetcatalog; path = "Preview Assets.xcassets"; sourceTree = "<group>"; };
		D6B0B91628522D4C007F4CA4 /* DeepDiveIntoSwiftUI4Tests.xctest */ = {isa = PBXFileReference; explicitFileType = wrapper.cfbundle; includeInIndex = 0; path = DeepDiveIntoSwiftUI4Tests.xctest; sourceTree = BUILT_PRODUCTS_DIR; };
		D6B0B91A28522D4C007F4CA4 /* DeepDiveIntoSwiftUI4Tests.swift */ = {isa = PBXFileReference; lastKnownFileType = sourcecode.swift; path = DeepDiveIntoSwiftUI4Tests.swift; sourceTree = "<group>"; };
		D6B0B92028522D4C007F4CA4 /* DeepDiveIntoSwiftUI4UITests.xctest */ = {isa = PBXFileReference; explicitFileType = wrapper.cfbundle; includeInIndex = 0; path = DeepDiveIntoSwiftUI4UITests.xctest; sourceTree = BUILT_PRODUCTS_DIR; };
		D6B0B92428522D4C007F4CA4 /* DeepDiveIntoSwiftUI4UITests.swift */ = {isa = PBXFileReference; lastKnownFileType = sourcecode.swift; path = DeepDiveIntoSwiftUI4UITests.swift; sourceTree = "<group>"; };
		D6B0B92628522D4C007F4CA4 /* DeepDiveIntoSwiftUI4UITestsLaunchTests.swift */ = {isa = PBXFileReference; lastKnownFileType = sourcecode.swift; path = DeepDiveIntoSwiftUI4UITestsLaunchTests.swift; sourceTree = "<group>"; };
		D6B0B93328522DF1007F4CA4 /* ScrollIndicatorView.swift */ = {isa = PBXFileReference; fileEncoding = 4; lastKnownFileType = sourcecode.swift; path = ScrollIndicatorView.swift; sourceTree = "<group>"; };
		D6B0B93428522DF1007F4CA4 /* ShadowsGradientView.swift */ = {isa = PBXFileReference; fileEncoding = 4; lastKnownFileType = sourcecode.swift; path = ShadowsGradientView.swift; sourceTree = "<group>"; };
		D6B0B93728522DFB007F4CA4 /* DismissKeyboardScrollView.swift */ = {isa = PBXFileReference; fileEncoding = 4; lastKnownFileType = sourcecode.swift; path = DismissKeyboardScrollView.swift; sourceTree = "<group>"; };
/* End PBXFileReference section */

/* Begin PBXFrameworksBuildPhase section */
		D6B0B90228522D4A007F4CA4 /* Frameworks */ = {
			isa = PBXFrameworksBuildPhase;
			buildActionMask = 2147483647;
			files = (
			);
			runOnlyForDeploymentPostprocessing = 0;
		};
		D6B0B91328522D4C007F4CA4 /* Frameworks */ = {
			isa = PBXFrameworksBuildPhase;
			buildActionMask = 2147483647;
			files = (
			);
			runOnlyForDeploymentPostprocessing = 0;
		};
		D6B0B91D28522D4C007F4CA4 /* Frameworks */ = {
			isa = PBXFrameworksBuildPhase;
			buildActionMask = 2147483647;
			files = (
			);
			runOnlyForDeploymentPostprocessing = 0;
		};
/* End PBXFrameworksBuildPhase section */

/* Begin PBXGroup section */
		D6B0B8FC28522D4A007F4CA4 = {
			isa = PBXGroup;
			children = (
				D6B0B90728522D4A007F4CA4 /* DeepDiveIntoSwiftUI4 */,
				D6B0B91928522D4C007F4CA4 /* DeepDiveIntoSwiftUI4Tests */,
				D6B0B92328522D4C007F4CA4 /* DeepDiveIntoSwiftUI4UITests */,
				D6B0B90628522D4A007F4CA4 /* Products */,
			);
			sourceTree = "<group>";
		};
		D6B0B90628522D4A007F4CA4 /* Products */ = {
			isa = PBXGroup;
			children = (
				D6B0B90528522D4A007F4CA4 /* DeepDiveIntoSwiftUI4.app */,
				D6B0B91628522D4C007F4CA4 /* DeepDiveIntoSwiftUI4Tests.xctest */,
				D6B0B92028522D4C007F4CA4 /* DeepDiveIntoSwiftUI4UITests.xctest */,
			);
			name = Products;
			sourceTree = "<group>";
		};
		D6B0B90728522D4A007F4CA4 /* DeepDiveIntoSwiftUI4 */ = {
			isa = PBXGroup;
			children = (
				D6B0B939285233F7007F4CA4 /* NewModifiers */,
				D6B0B90828522D4A007F4CA4 /* DeepDiveIntoSwiftUI4App.swift */,
				D6B0B90A28522D4A007F4CA4 /* RootView.swift */,
				D6B0B90C28522D4C007F4CA4 /* Assets.xcassets */,
				D6B0B90E28522D4C007F4CA4 /* DeepDiveIntoSwiftUI4.entitlements */,
				D6B0B90F28522D4C007F4CA4 /* Preview Content */,
			);
			path = DeepDiveIntoSwiftUI4;
			sourceTree = "<group>";
		};
		D6B0B90F28522D4C007F4CA4 /* Preview Content */ = {
			isa = PBXGroup;
			children = (
				D6B0B91028522D4C007F4CA4 /* Preview Assets.xcassets */,
			);
			path = "Preview Content";
			sourceTree = "<group>";
		};
		D6B0B91928522D4C007F4CA4 /* DeepDiveIntoSwiftUI4Tests */ = {
			isa = PBXGroup;
			children = (
				D6B0B91A28522D4C007F4CA4 /* DeepDiveIntoSwiftUI4Tests.swift */,
			);
			path = DeepDiveIntoSwiftUI4Tests;
			sourceTree = "<group>";
		};
		D6B0B92328522D4C007F4CA4 /* DeepDiveIntoSwiftUI4UITests */ = {
			isa = PBXGroup;
			children = (
				D6B0B92428522D4C007F4CA4 /* DeepDiveIntoSwiftUI4UITests.swift */,
				D6B0B92628522D4C007F4CA4 /* DeepDiveIntoSwiftUI4UITestsLaunchTests.swift */,
			);
			path = DeepDiveIntoSwiftUI4UITests;
			sourceTree = "<group>";
		};
		D6B0B939285233F7007F4CA4 /* NewModifiers */ = {
			isa = PBXGroup;
			children = (
				D6B0B93328522DF1007F4CA4 /* ScrollIndicatorView.swift */,
				D6B0B93428522DF1007F4CA4 /* ShadowsGradientView.swift */,
				D6B0B93728522DFB007F4CA4 /* DismissKeyboardScrollView.swift */,
			);
			path = NewModifiers;
			sourceTree = "<group>";
		};
/* End PBXGroup section */

/* Begin PBXNativeTarget section */
		D6B0B90428522D4A007F4CA4 /* DeepDiveIntoSwiftUI4 */ = {
			isa = PBXNativeTarget;
			buildConfigurationList = D6B0B92A28522D4C007F4CA4 /* Build configuration list for PBXNativeTarget "DeepDiveIntoSwiftUI4" */;
			buildPhases = (
				D6B0B90128522D4A007F4CA4 /* Sources */,
				D6B0B90228522D4A007F4CA4 /* Frameworks */,
				D6B0B90328522D4A007F4CA4 /* Resources */,
			);
			buildRules = (
			);
			dependencies = (
			);
			name = DeepDiveIntoSwiftUI4;
			productName = DeepDiveIntoSwiftUI4;
			productReference = D6B0B90528522D4A007F4CA4 /* DeepDiveIntoSwiftUI4.app */;
			productType = "com.apple.product-type.application";
		};
		D6B0B91528522D4C007F4CA4 /* DeepDiveIntoSwiftUI4Tests */ = {
			isa = PBXNativeTarget;
			buildConfigurationList = D6B0B92D28522D4C007F4CA4 /* Build configuration list for PBXNativeTarget "DeepDiveIntoSwiftUI4Tests" */;
			buildPhases = (
				D6B0B91228522D4C007F4CA4 /* Sources */,
				D6B0B91328522D4C007F4CA4 /* Frameworks */,
				D6B0B91428522D4C007F4CA4 /* Resources */,
			);
			buildRules = (
			);
			dependencies = (
				D6B0B91828522D4C007F4CA4 /* PBXTargetDependency */,
			);
			name = DeepDiveIntoSwiftUI4Tests;
			productName = DeepDiveIntoSwiftUI4Tests;
			productReference = D6B0B91628522D4C007F4CA4 /* DeepDiveIntoSwiftUI4Tests.xctest */;
			productType = "com.apple.product-type.bundle.unit-test";
		};
		D6B0B91F28522D4C007F4CA4 /* DeepDiveIntoSwiftUI4UITests */ = {
			isa = PBXNativeTarget;
			buildConfigurationList = D6B0B93028522D4C007F4CA4 /* Build configuration list for PBXNativeTarget "DeepDiveIntoSwiftUI4UITests" */;
			buildPhases = (
				D6B0B91C28522D4C007F4CA4 /* Sources */,
				D6B0B91D28522D4C007F4CA4 /* Frameworks */,
				D6B0B91E28522D4C007F4CA4 /* Resources */,
			);
			buildRules = (
			);
			dependencies = (
				D6B0B92228522D4C007F4CA4 /* PBXTargetDependency */,
			);
			name = DeepDiveIntoSwiftUI4UITests;
			productName = DeepDiveIntoSwiftUI4UITests;
			productReference = D6B0B92028522D4C007F4CA4 /* DeepDiveIntoSwiftUI4UITests.xctest */;
			productType = "com.apple.product-type.bundle.ui-testing";
		};
/* End PBXNativeTarget section */

/* Begin PBXProject section */
		D6B0B8FD28522D4A007F4CA4 /* Project object */ = {
			isa = PBXProject;
			attributes = {
				BuildIndependentTargetsInParallel = 1;
				LastSwiftUpdateCheck = 1400;
				LastUpgradeCheck = 1400;
				TargetAttributes = {
					D6B0B90428522D4A007F4CA4 = {
						CreatedOnToolsVersion = 14.0;
					};
					D6B0B91528522D4C007F4CA4 = {
						CreatedOnToolsVersion = 14.0;
						TestTargetID = D6B0B90428522D4A007F4CA4;
					};
					D6B0B91F28522D4C007F4CA4 = {
						CreatedOnToolsVersion = 14.0;
						TestTargetID = D6B0B90428522D4A007F4CA4;
					};
				};
			};
			buildConfigurationList = D6B0B90028522D4A007F4CA4 /* Build configuration list for PBXProject "DeepDiveIntoSwiftUI4" */;
			compatibilityVersion = "Xcode 14.0";
			developmentRegion = en;
			hasScannedForEncodings = 0;
			knownRegions = (
				en,
				Base,
			);
			mainGroup = D6B0B8FC28522D4A007F4CA4;
			productRefGroup = D6B0B90628522D4A007F4CA4 /* Products */;
			projectDirPath = "";
			projectRoot = "";
			targets = (
				D6B0B90428522D4A007F4CA4 /* DeepDiveIntoSwiftUI4 */,
				D6B0B91528522D4C007F4CA4 /* DeepDiveIntoSwiftUI4Tests */,
				D6B0B91F28522D4C007F4CA4 /* DeepDiveIntoSwiftUI4UITests */,
			);
		};
/* End PBXProject section */

/* Begin PBXResourcesBuildPhase section */
		D6B0B90328522D4A007F4CA4 /* Resources */ = {
			isa = PBXResourcesBuildPhase;
			buildActionMask = 2147483647;
			files = (
				D6B0B91128522D4C007F4CA4 /* Preview Assets.xcassets in Resources */,
				D6B0B90D28522D4C007F4CA4 /* Assets.xcassets in Resources */,
			);
			runOnlyForDeploymentPostprocessing = 0;
		};
		D6B0B91428522D4C007F4CA4 /* Resources */ = {
			isa = PBXResourcesBuildPhase;
			buildActionMask = 2147483647;
			files = (
			);
			runOnlyForDeploymentPostprocessing = 0;
		};
		D6B0B91E28522D4C007F4CA4 /* Resources */ = {
			isa = PBXResourcesBuildPhase;
			buildActionMask = 2147483647;
			files = (
			);
			runOnlyForDeploymentPostprocessing = 0;
		};
/* End PBXResourcesBuildPhase section */

/* Begin PBXSourcesBuildPhase section */
		D6B0B90128522D4A007F4CA4 /* Sources */ = {
			isa = PBXSourcesBuildPhase;
			buildActionMask = 2147483647;
			files = (
				D6B0B93528522DF1007F4CA4 /* ScrollIndicatorView.swift in Sources */,
				D6B0B93828522DFB007F4CA4 /* DismissKeyboardScrollView.swift in Sources */,
				D6B0B90B28522D4A007F4CA4 /* RootView.swift in Sources */,
				D6B0B93628522DF1007F4CA4 /* ShadowsGradientView.swift in Sources */,
				D6B0B90928522D4A007F4CA4 /* DeepDiveIntoSwiftUI4App.swift in Sources */,
			);
			runOnlyForDeploymentPostprocessing = 0;
		};
		D6B0B91228522D4C007F4CA4 /* Sources */ = {
			isa = PBXSourcesBuildPhase;
			buildActionMask = 2147483647;
			files = (
				D6B0B91B28522D4C007F4CA4 /* DeepDiveIntoSwiftUI4Tests.swift in Sources */,
			);
			runOnlyForDeploymentPostprocessing = 0;
		};
		D6B0B91C28522D4C007F4CA4 /* Sources */ = {
			isa = PBXSourcesBuildPhase;
			buildActionMask = 2147483647;
			files = (
				D6B0B92528522D4C007F4CA4 /* DeepDiveIntoSwiftUI4UITests.swift in Sources */,
				D6B0B92728522D4C007F4CA4 /* DeepDiveIntoSwiftUI4UITestsLaunchTests.swift in Sources */,
			);
			runOnlyForDeploymentPostprocessing = 0;
		};
/* End PBXSourcesBuildPhase section */

/* Begin PBXTargetDependency section */
		D6B0B91828522D4C007F4CA4 /* PBXTargetDependency */ = {
			isa = PBXTargetDependency;
			target = D6B0B90428522D4A007F4CA4 /* DeepDiveIntoSwiftUI4 */;
			targetProxy = D6B0B91728522D4C007F4CA4 /* PBXContainerItemProxy */;
		};
		D6B0B92228522D4C007F4CA4 /* PBXTargetDependency */ = {
			isa = PBXTargetDependency;
			target = D6B0B90428522D4A007F4CA4 /* DeepDiveIntoSwiftUI4 */;
			targetProxy = D6B0B92128522D4C007F4CA4 /* PBXContainerItemProxy */;
		};
/* End PBXTargetDependency section */

/* Begin XCBuildConfiguration section */
		D6B0B92828522D4C007F4CA4 /* Debug */ = {
			isa = XCBuildConfiguration;
			buildSettings = {
				ALWAYS_SEARCH_USER_PATHS = NO;
				CLANG_ANALYZER_NONNULL = YES;
				CLANG_ANALYZER_NUMBER_OBJECT_CONVERSION = YES_AGGRESSIVE;
				CLANG_CXX_LANGUAGE_STANDARD = "gnu++17";
				CLANG_ENABLE_MODULES = YES;
				CLANG_ENABLE_OBJC_ARC = YES;
				CLANG_ENABLE_OBJC_WEAK = YES;
				CLANG_WARN_BLOCK_CAPTURE_AUTORELEASING = YES;
				CLANG_WARN_BOOL_CONVERSION = YES;
				CLANG_WARN_COMMA = YES;
				CLANG_WARN_CONSTANT_CONVERSION = YES;
				CLANG_WARN_DEPRECATED_OBJC_IMPLEMENTATIONS = YES;
				CLANG_WARN_DIRECT_OBJC_ISA_USAGE = YES_ERROR;
				CLANG_WARN_DOCUMENTATION_COMMENTS = YES;
				CLANG_WARN_EMPTY_BODY = YES;
				CLANG_WARN_ENUM_CONVERSION = YES;
				CLANG_WARN_INFINITE_RECURSION = YES;
				CLANG_WARN_INT_CONVERSION = YES;
				CLANG_WARN_NON_LITERAL_NULL_CONVERSION = YES;
				CLANG_WARN_OBJC_IMPLICIT_RETAIN_SELF = YES;
				CLANG_WARN_OBJC_LITERAL_CONVERSION = YES;
				CLANG_WARN_OBJC_ROOT_CLASS = YES_ERROR;
				CLANG_WARN_QUOTED_INCLUDE_IN_FRAMEWORK_HEADER = YES;
				CLANG_WARN_RANGE_LOOP_ANALYSIS = YES;
				CLANG_WARN_STRICT_PROTOTYPES = YES;
				CLANG_WARN_SUSPICIOUS_MOVE = YES;
				CLANG_WARN_UNGUARDED_AVAILABILITY = YES_AGGRESSIVE;
				CLANG_WARN_UNREACHABLE_CODE = YES;
				CLANG_WARN__DUPLICATE_METHOD_MATCH = YES;
				COPY_PHASE_STRIP = NO;
				DEBUG_INFORMATION_FORMAT = dwarf;
				ENABLE_STRICT_OBJC_MSGSEND = YES;
				ENABLE_TESTABILITY = YES;
				GCC_C_LANGUAGE_STANDARD = gnu11;
				GCC_DYNAMIC_NO_PIC = NO;
				GCC_NO_COMMON_BLOCKS = YES;
				GCC_OPTIMIZATION_LEVEL = 0;
				GCC_PREPROCESSOR_DEFINITIONS = (
					"DEBUG=1",
					"$(inherited)",
				);
				GCC_WARN_64_TO_32_BIT_CONVERSION = YES;
				GCC_WARN_ABOUT_RETURN_TYPE = YES_ERROR;
				GCC_WARN_UNDECLARED_SELECTOR = YES;
				GCC_WARN_UNINITIALIZED_AUTOS = YES_AGGRESSIVE;
				GCC_WARN_UNUSED_FUNCTION = YES;
				GCC_WARN_UNUSED_VARIABLE = YES;
				MTL_ENABLE_DEBUG_INFO = INCLUDE_SOURCE;
				MTL_FAST_MATH = YES;
				ONLY_ACTIVE_ARCH = YES;
				SWIFT_ACTIVE_COMPILATION_CONDITIONS = DEBUG;
				SWIFT_OPTIMIZATION_LEVEL = "-Onone";
			};
			name = Debug;
		};
		D6B0B92928522D4C007F4CA4 /* Release */ = {
			isa = XCBuildConfiguration;
			buildSettings = {
				ALWAYS_SEARCH_USER_PATHS = NO;
				CLANG_ANALYZER_NONNULL = YES;
				CLANG_ANALYZER_NUMBER_OBJECT_CONVERSION = YES_AGGRESSIVE;
				CLANG_CXX_LANGUAGE_STANDARD = "gnu++17";
				CLANG_ENABLE_MODULES = YES;
				CLANG_ENABLE_OBJC_ARC = YES;
				CLANG_ENABLE_OBJC_WEAK = YES;
				CLANG_WARN_BLOCK_CAPTURE_AUTORELEASING = YES;
				CLANG_WARN_BOOL_CONVERSION = YES;
				CLANG_WARN_COMMA = YES;
				CLANG_WARN_CONSTANT_CONVERSION = YES;
				CLANG_WARN_DEPRECATED_OBJC_IMPLEMENTATIONS = YES;
				CLANG_WARN_DIRECT_OBJC_ISA_USAGE = YES_ERROR;
				CLANG_WARN_DOCUMENTATION_COMMENTS = YES;
				CLANG_WARN_EMPTY_BODY = YES;
				CLANG_WARN_ENUM_CONVERSION = YES;
				CLANG_WARN_INFINITE_RECURSION = YES;
				CLANG_WARN_INT_CONVERSION = YES;
				CLANG_WARN_NON_LITERAL_NULL_CONVERSION = YES;
				CLANG_WARN_OBJC_IMPLICIT_RETAIN_SELF = YES;
				CLANG_WARN_OBJC_LITERAL_CONVERSION = YES;
				CLANG_WARN_OBJC_ROOT_CLASS = YES_ERROR;
				CLANG_WARN_QUOTED_INCLUDE_IN_FRAMEWORK_HEADER = YES;
				CLANG_WARN_RANGE_LOOP_ANALYSIS = YES;
				CLANG_WARN_STRICT_PROTOTYPES = YES;
				CLANG_WARN_SUSPICIOUS_MOVE = YES;
				CLANG_WARN_UNGUARDED_AVAILABILITY = YES_AGGRESSIVE;
				CLANG_WARN_UNREACHABLE_CODE = YES;
				CLANG_WARN__DUPLICATE_METHOD_MATCH = YES;
				COPY_PHASE_STRIP = NO;
				DEBUG_INFORMATION_FORMAT = "dwarf-with-dsym";
				ENABLE_NS_ASSERTIONS = NO;
				ENABLE_STRICT_OBJC_MSGSEND = YES;
				GCC_C_LANGUAGE_STANDARD = gnu11;
				GCC_NO_COMMON_BLOCKS = YES;
				GCC_WARN_64_TO_32_BIT_CONVERSION = YES;
				GCC_WARN_ABOUT_RETURN_TYPE = YES_ERROR;
				GCC_WARN_UNDECLARED_SELECTOR = YES;
				GCC_WARN_UNINITIALIZED_AUTOS = YES_AGGRESSIVE;
				GCC_WARN_UNUSED_FUNCTION = YES;
				GCC_WARN_UNUSED_VARIABLE = YES;
				MTL_ENABLE_DEBUG_INFO = NO;
				MTL_FAST_MATH = YES;
				SWIFT_COMPILATION_MODE = wholemodule;
				SWIFT_OPTIMIZATION_LEVEL = "-O";
			};
			name = Release;
		};
		D6B0B92B28522D4C007F4CA4 /* Debug */ = {
			isa = XCBuildConfiguration;
			buildSettings = {
				ASSETCATALOG_COMPILER_APPICON_NAME = AppIcon;
				ASSETCATALOG_COMPILER_GLOBAL_ACCENT_COLOR_NAME = AccentColor;
				CODE_SIGN_ENTITLEMENTS = DeepDiveIntoSwiftUI4/DeepDiveIntoSwiftUI4.entitlements;
				CODE_SIGN_STYLE = Automatic;
				CURRENT_PROJECT_VERSION = 1;
				DEVELOPMENT_ASSET_PATHS = "\"DeepDiveIntoSwiftUI4/Preview Content\"";
				ENABLE_PREVIEWS = YES;
				GENERATE_INFOPLIST_FILE = YES;
				"INFOPLIST_KEY_UILaunchScreen_Generation[sdk=iphoneos*]" = YES;
				"INFOPLIST_KEY_UILaunchScreen_Generation[sdk=iphonesimulator*]" = YES;
				INFOPLIST_KEY_UISupportedInterfaceOrientations_iPad = "UIInterfaceOrientationPortrait UIInterfaceOrientationPortraitUpsideDown UIInterfaceOrientationLandscapeLeft UIInterfaceOrientationLandscapeRight";
				INFOPLIST_KEY_UISupportedInterfaceOrientations_iPhone = "UIInterfaceOrientationPortrait UIInterfaceOrientationLandscapeLeft UIInterfaceOrientationLandscapeRight";
				IPHONEOS_DEPLOYMENT_TARGET = 16.0;
				LD_RUNPATH_SEARCH_PATHS = "@executable_path/Frameworks";
				"LD_RUNPATH_SEARCH_PATHS[sdk=macosx*]" = "@executable_path/../Frameworks";
				MACOSX_DEPLOYMENT_TARGET = 13.0;
				MARKETING_VERSION = 1.0;
				PRODUCT_BUNDLE_IDENTIFIER = cloiz.DeepDiveIntoSwiftUI4;
				PRODUCT_NAME = "$(TARGET_NAME)";
				SDKROOT = auto;
				SUPPORTED_PLATFORMS = "iphoneos iphonesimulator macosx";
				SWIFT_EMIT_LOC_STRINGS = YES;
				SWIFT_VERSION = 5.0;
				TARGETED_DEVICE_FAMILY = "1,2";
			};
			name = Debug;
		};
		D6B0B92C28522D4C007F4CA4 /* Release */ = {
			isa = XCBuildConfiguration;
			buildSettings = {
				ASSETCATALOG_COMPILER_APPICON_NAME = AppIcon;
				ASSETCATALOG_COMPILER_GLOBAL_ACCENT_COLOR_NAME = AccentColor;
				CODE_SIGN_ENTITLEMENTS = DeepDiveIntoSwiftUI4/DeepDiveIntoSwiftUI4.entitlements;
				CODE_SIGN_STYLE = Automatic;
				CURRENT_PROJECT_VERSION = 1;
				DEVELOPMENT_ASSET_PATHS = "\"DeepDiveIntoSwiftUI4/Preview Content\"";
				ENABLE_PREVIEWS = YES;
				GENERATE_INFOPLIST_FILE = YES;
				"INFOPLIST_KEY_UILaunchScreen_Generation[sdk=iphoneos*]" = YES;
				"INFOPLIST_KEY_UILaunchScreen_Generation[sdk=iphonesimulator*]" = YES;
				INFOPLIST_KEY_UISupportedInterfaceOrientations_iPad = "UIInterfaceOrientationPortrait UIInterfaceOrientationPortraitUpsideDown UIInterfaceOrientationLandscapeLeft UIInterfaceOrientationLandscapeRight";
				INFOPLIST_KEY_UISupportedInterfaceOrientations_iPhone = "UIInterfaceOrientationPortrait UIInterfaceOrientationLandscapeLeft UIInterfaceOrientationLandscapeRight";
				IPHONEOS_DEPLOYMENT_TARGET = 16.0;
				LD_RUNPATH_SEARCH_PATHS = "@executable_path/Frameworks";
				"LD_RUNPATH_SEARCH_PATHS[sdk=macosx*]" = "@executable_path/../Frameworks";
				MACOSX_DEPLOYMENT_TARGET = 13.0;
				MARKETING_VERSION = 1.0;
				PRODUCT_BUNDLE_IDENTIFIER = cloiz.DeepDiveIntoSwiftUI4;
				PRODUCT_NAME = "$(TARGET_NAME)";
				SDKROOT = auto;
				SUPPORTED_PLATFORMS = "iphoneos iphonesimulator macosx";
				SWIFT_EMIT_LOC_STRINGS = YES;
				SWIFT_VERSION = 5.0;
				TARGETED_DEVICE_FAMILY = "1,2";
			};
			name = Release;
		};
		D6B0B92E28522D4C007F4CA4 /* Debug */ = {
			isa = XCBuildConfiguration;
			buildSettings = {
				ALWAYS_EMBED_SWIFT_STANDARD_LIBRARIES = YES;
				BUNDLE_LOADER = "$(TEST_HOST)";
				CODE_SIGN_STYLE = Automatic;
				CURRENT_PROJECT_VERSION = 1;
				GENERATE_INFOPLIST_FILE = YES;
				IPHONEOS_DEPLOYMENT_TARGET = 16.0;
				MACOSX_DEPLOYMENT_TARGET = 13.0;
				MARKETING_VERSION = 1.0;
				PRODUCT_BUNDLE_IDENTIFIER = cloiz.DeepDiveIntoSwiftUI4Tests;
				PRODUCT_NAME = "$(TARGET_NAME)";
				SDKROOT = auto;
				SUPPORTED_PLATFORMS = "iphoneos iphonesimulator macosx";
				SWIFT_EMIT_LOC_STRINGS = NO;
				SWIFT_VERSION = 5.0;
				TARGETED_DEVICE_FAMILY = "1,2";
				TEST_HOST = "$(BUILT_PRODUCTS_DIR)/DeepDiveIntoSwiftUI4.app/$(BUNDLE_EXECUTABLE_FOLDER_PATH)/DeepDiveIntoSwiftUI4";
			};
			name = Debug;
		};
		D6B0B92F28522D4C007F4CA4 /* Release */ = {
			isa = XCBuildConfiguration;
			buildSettings = {
				ALWAYS_EMBED_SWIFT_STANDARD_LIBRARIES = YES;
				BUNDLE_LOADER = "$(TEST_HOST)";
				CODE_SIGN_STYLE = Automatic;
				CURRENT_PROJECT_VERSION = 1;
				GENERATE_INFOPLIST_FILE = YES;
				IPHONEOS_DEPLOYMENT_TARGET = 16.0;
				MACOSX_DEPLOYMENT_TARGET = 13.0;
				MARKETING_VERSION = 1.0;
				PRODUCT_BUNDLE_IDENTIFIER = cloiz.DeepDiveIntoSwiftUI4Tests;
				PRODUCT_NAME = "$(TARGET_NAME)";
				SDKROOT = auto;
				SUPPORTED_PLATFORMS = "iphoneos iphonesimulator macosx";
				SWIFT_EMIT_LOC_STRINGS = NO;
				SWIFT_VERSION = 5.0;
				TARGETED_DEVICE_FAMILY = "1,2";
				TEST_HOST = "$(BUILT_PRODUCTS_DIR)/DeepDiveIntoSwiftUI4.app/$(BUNDLE_EXECUTABLE_FOLDER_PATH)/DeepDiveIntoSwiftUI4";
			};
			name = Release;
		};
		D6B0B93128522D4C007F4CA4 /* Debug */ = {
			isa = XCBuildConfiguration;
			buildSettings = {
				ALWAYS_EMBED_SWIFT_STANDARD_LIBRARIES = YES;
				CODE_SIGN_STYLE = Automatic;
				CURRENT_PROJECT_VERSION = 1;
				GENERATE_INFOPLIST_FILE = YES;
				IPHONEOS_DEPLOYMENT_TARGET = 16.0;
				MACOSX_DEPLOYMENT_TARGET = 13.0;
				MARKETING_VERSION = 1.0;
				PRODUCT_BUNDLE_IDENTIFIER = cloiz.DeepDiveIntoSwiftUI4UITests;
				PRODUCT_NAME = "$(TARGET_NAME)";
				SDKROOT = auto;
				SUPPORTED_PLATFORMS = "iphoneos iphonesimulator macosx";
				SWIFT_EMIT_LOC_STRINGS = NO;
				SWIFT_VERSION = 5.0;
				TARGETED_DEVICE_FAMILY = "1,2";
				TEST_TARGET_NAME = DeepDiveIntoSwiftUI4;
			};
			name = Debug;
		};
		D6B0B93228522D4C007F4CA4 /* Release */ = {
			isa = XCBuildConfiguration;
			buildSettings = {
				ALWAYS_EMBED_SWIFT_STANDARD_LIBRARIES = YES;
				CODE_SIGN_STYLE = Automatic;
				CURRENT_PROJECT_VERSION = 1;
				GENERATE_INFOPLIST_FILE = YES;
				IPHONEOS_DEPLOYMENT_TARGET = 16.0;
				MACOSX_DEPLOYMENT_TARGET = 13.0;
				MARKETING_VERSION = 1.0;
				PRODUCT_BUNDLE_IDENTIFIER = cloiz.DeepDiveIntoSwiftUI4UITests;
				PRODUCT_NAME = "$(TARGET_NAME)";
				SDKROOT = auto;
				SUPPORTED_PLATFORMS = "iphoneos iphonesimulator macosx";
				SWIFT_EMIT_LOC_STRINGS = NO;
				SWIFT_VERSION = 5.0;
				TARGETED_DEVICE_FAMILY = "1,2";
				TEST_TARGET_NAME = DeepDiveIntoSwiftUI4;
			};
			name = Release;
		};
/* End XCBuildConfiguration section */

/* Begin XCConfigurationList section */
		D6B0B90028522D4A007F4CA4 /* Build configuration list for PBXProject "DeepDiveIntoSwiftUI4" */ = {
			isa = XCConfigurationList;
			buildConfigurations = (
				D6B0B92828522D4C007F4CA4 /* Debug */,
				D6B0B92928522D4C007F4CA4 /* Release */,
			);
			defaultConfigurationIsVisible = 0;
			defaultConfigurationName = Release;
		};
		D6B0B92A28522D4C007F4CA4 /* Build configuration list for PBXNativeTarget "DeepDiveIntoSwiftUI4" */ = {
			isa = XCConfigurationList;
			buildConfigurations = (
				D6B0B92B28522D4C007F4CA4 /* Debug */,
				D6B0B92C28522D4C007F4CA4 /* Release */,
			);
			defaultConfigurationIsVisible = 0;
			defaultConfigurationName = Release;
		};
		D6B0B92D28522D4C007F4CA4 /* Build configuration list for PBXNativeTarget "DeepDiveIntoSwiftUI4Tests" */ = {
			isa = XCConfigurationList;
			buildConfigurations = (
				D6B0B92E28522D4C007F4CA4 /* Debug */,
				D6B0B92F28522D4C007F4CA4 /* Release */,
			);
			defaultConfigurationIsVisible = 0;
			defaultConfigurationName = Release;
		};
		D6B0B93028522D4C007F4CA4 /* Build configuration list for PBXNativeTarget "DeepDiveIntoSwiftUI4UITests" */ = {
			isa = XCConfigurationList;
			buildConfigurations = (
				D6B0B93128522D4C007F4CA4 /* Debug */,
				D6B0B93228522D4C007F4CA4 /* Release */,
			);
			defaultConfigurationIsVisible = 0;
			defaultConfigurationName = Release;
		};
/* End XCConfigurationList section */
	};
	rootObject = D6B0B8FD28522D4A007F4CA4 /* Project object */;
}
